
Microsoft Visual Studio Solution File, Format Version 12.00
# Visual Studio 2013
VisualStudioVersion = 12.0.30723.0
MinimumVisualStudioVersion = 10.0.40219.1
Project("{8BC9CEB8-8B4A-11D0-8D11-00A0C91BC942}") = "LSL", "LSL\LSL.vcxproj", "{4EC9C51D-D59B-4849-B235-8B5ECCF0707F}"
EndProject
Project("{8BC9CEB8-8B4A-11D0-8D11-00A0C91BC942}") = "LSL_DLL", "..\LSL_DLL\LSL_DLL.vcxproj", "{BA27969A-6CEE-403B-9C40-B0270DBF6BCE}"
EndProject
Global
	GlobalSection(SolutionConfigurationPlatforms) = preSolution
		Debug|Win32 = Debug|Win32
		Release|Win32 = Release|Win32
	EndGlobalSection
	GlobalSection(ProjectConfigurationPlatforms) = postSolution
		{4EC9C51D-D59B-4849-B235-8B5ECCF0707F}.Debug|Win32.ActiveCfg = Debug|Win32
		{4EC9C51D-D59B-4849-B235-8B5ECCF0707F}.Debug|Win32.Build.0 = Debug|Win32
		{4EC9C51D-D59B-4849-B235-8B5ECCF0707F}.Release|Win32.ActiveCfg = Release|Win32
		{4EC9C51D-D59B-4849-B235-8B5ECCF0707F}.Release|Win32.Build.0 = Release|Win32
		{BA27969A-6CEE-403B-9C40-B0270DBF6BCE}.Debug|Win32.ActiveCfg = Debug|Win32
		{BA27969A-6CEE-403B-9C40-B0270DBF6BCE}.Debug|Win32.Build.0 = Debug|Win32
		{BA27969A-6CEE-403B-9C40-B0270DBF6BCE}.Release|Win32.ActiveCfg = Release|Win32
		{BA27969A-6CEE-403B-9C40-B0270DBF6BCE}.Release|Win32.Build.0 = Release|Win32
	EndGlobalSection
	GlobalSection(SolutionProperties) = preSolution
		HideSolutionNode = FALSE
	EndGlobalSection
	GlobalSection(Performance) = preSolution
		HasPerformanceSessions = true
	EndGlobalSection
EndGlobal
